
Microsoft Visual Studio Solution File, Format Version 12.00
Project("{FAE04EC0-301F-11D3-BF4B-00C04F79EFBC}") = "Lazy", "Lazy\Lazy.csproj", "{DCFB63FD-2415-43C5-BE7E-BF484999DD7A}"
EndProject
Project("{FAE04EC0-301F-11D3-BF4B-00C04F79EFBC}") = "LazyTests", "LazyTests\LazyTests.csproj", "{054D9CF0-D6AB-48D7-B122-6165C306F20C}"
EndProject
Global
	GlobalSection(SolutionConfigurationPlatforms) = preSolution
		Debug|Any CPU = Debug|Any CPU
		Release|Any CPU = Release|Any CPU
	EndGlobalSection
	GlobalSection(ProjectConfigurationPlatforms) = postSolution
		{DCFB63FD-2415-43C5-BE7E-BF484999DD7A}.Debug|Any CPU.ActiveCfg = Debug|Any CPU
		{DCFB63FD-2415-43C5-BE7E-BF484999DD7A}.Debug|Any CPU.Build.0 = Debug|Any CPU
		{DCFB63FD-2415-43C5-BE7E-BF484999DD7A}.Release|Any CPU.ActiveCfg = Release|Any CPU
		{DCFB63FD-2415-43C5-BE7E-BF484999DD7A}.Release|Any CPU.Build.0 = Release|Any CPU
		{054D9CF0-D6AB-48D7-B122-6165C306F20C}.Debug|Any CPU.ActiveCfg = Debug|Any CPU
		{054D9CF0-D6AB-48D7-B122-6165C306F20C}.Debug|Any CPU.Build.0 = Debug|Any CPU
		{054D9CF0-D6AB-48D7-B122-6165C306F20C}.Release|Any CPU.ActiveCfg = Release|Any CPU
		{054D9CF0-D6AB-48D7-B122-6165C306F20C}.Release|Any CPU.Build.0 = Release|Any CPU
	EndGlobalSection
EndGlobal
